// !$*UTF8*$!
{
	archiveVersion = 1;
	classes = {
	};
	objectVersion = 46;
	objects = {

/* Begin PBXBuildFile section */
		187AB3091F1748E200B73BA7 /* AppDelegate.swift in Sources */ = {isa = PBXBuildFile; fileRef = 187AB3081F1748E200B73BA7 /* AppDelegate.swift */; };
		187AB30B1F1748E200B73BA7 /* ViewController.swift in Sources */ = {isa = PBXBuildFile; fileRef = 187AB30A1F1748E200B73BA7 /* ViewController.swift */; };
		187AB30E1F1748E200B73BA7 /* Main.storyboard in Resources */ = {isa = PBXBuildFile; fileRef = 187AB30C1F1748E200B73BA7 /* Main.storyboard */; };
		187AB3101F1748E200B73BA7 /* Assets.xcassets in Resources */ = {isa = PBXBuildFile; fileRef = 187AB30F1F1748E200B73BA7 /* Assets.xcassets */; };
		187AB3131F1748E200B73BA7 /* LaunchScreen.storyboard in Resources */ = {isa = PBXBuildFile; fileRef = 187AB3111F1748E200B73BA7 /* LaunchScreen.storyboard */; };
		187AB31B1F174A1D00B73BA7 /* ResultViewController.swift in Sources */ = {isa = PBXBuildFile; fileRef = 187AB31A1F174A1D00B73BA7 /* ResultViewController.swift */; };
/* End PBXBuildFile section */

/* Begin PBXFileReference section */
		187AB3051F1748E200B73BA7 /* stone paper scissor.app */ = {isa = PBXFileReference; explicitFileType = wrapper.application; includeInIndex = 0; path = "stone paper scissor.app"; sourceTree = BUILT_PRODUCTS_DIR; };
		187AB3081F1748E200B73BA7 /* AppDelegate.swift */ = {isa = PBXFileReference; lastKnownFileType = sourcecode.swift; path = AppDelegate.swift; sourceTree = "<group>"; };
		187AB30A1F1748E200B73BA7 /* ViewController.swift */ = {isa = PBXFileReference; lastKnownFileType = sourcecode.swift; path = ViewController.swift; sourceTree = "<group>"; };
		187AB30D1F1748E200B73BA7 /* Base */ = {isa = PBXFileReference; lastKnownFileType = file.storyboard; name = Base; path = Base.lproj/Main.storyboard; sourceTree = "<group>"; };
		187AB30F1F1748E200B73BA7 /* Assets.xcassets */ = {isa = PBXFileReference; lastKnownFileType = folder.assetcatalog; path = Assets.xcassets; sourceTree = "<group>"; };
		187AB3121F1748E200B73BA7 /* Base */ = {isa = PBXFileReference; lastKnownFileType = file.storyboard; name = Base; path = Base.lproj/LaunchScreen.storyboard; sourceTree = "<group>"; };
		187AB3141F1748E200B73BA7 /* Info.plist */ = {isa = PBXFileReference; lastKnownFileType = text.plist.xml; path = Info.plist; sourceTree = "<group>"; };
		187AB31A1F174A1D00B73BA7 /* ResultViewController.swift */ = {isa = PBXFileReference; fileEncoding = 4; lastKnownFileType = sourcecode.swift; path = ResultViewController.swift; sourceTree = "<group>"; };
/* End PBXFileReference section */

/* Begin PBXFrameworksBuildPhase section */
		187AB3021F1748E200B73BA7 /* Frameworks */ = {
			isa = PBXFrameworksBuildPhase;
			buildActionMask = 2147483647;
			files = (
			);
			runOnlyForDeploymentPostprocessing = 0;
		};
/* End PBXFrameworksBuildPhase section */

/* Begin PBXGroup section */
		187AB2FC1F1748E200B73BA7 = {
			isa = PBXGroup;
			children = (
				187AB3071F1748E200B73BA7 /* stone paper scissor */,
				187AB3061F1748E200B73BA7 /* Products */,
			);
			sourceTree = "<group>";
		};
		187AB3061F1748E200B73BA7 /* Products */ = {
			isa = PBXGroup;
			children = (
				187AB3051F1748E200B73BA7 /* stone paper scissor.app */,
			);
			name = Products;
			sourceTree = "<group>";
		};
		187AB3071F1748E200B73BA7 /* stone paper scissor */ = {
			isa = PBXGroup;
			children = (
				187AB3081F1748E200B73BA7 /* AppDelegate.swift */,
				187AB30A1F1748E200B73BA7 /* ViewController.swift */,
				187AB30C1F1748E200B73BA7 /* Main.storyboard */,
				187AB30F1F1748E200B73BA7 /* Assets.xcassets */,
				187AB3111F1748E200B73BA7 /* LaunchScreen.storyboard */,
				187AB3141F1748E200B73BA7 /* Info.plist */,
				187AB31A1F174A1D00B73BA7 /* ResultViewController.swift */,
			);
			path = "stone paper scissor";
			sourceTree = "<group>";
		};
/* End PBXGroup section */

/* Begin PBXNativeTarget section */
		187AB3041F1748E200B73BA7 /* stone paper scissor */ = {
			isa = PBXNativeTarget;
			buildConfigurationList = 187AB3171F1748E200B73BA7 /* Build configuration list for PBXNativeTarget "stone paper scissor" */;
			buildPhases = (
				187AB3011F1748E200B73BA7 /* Sources */,
				187AB3021F1748E200B73BA7 /* Frameworks */,
				187AB3031F1748E200B73BA7 /* Resources */,
			);
			buildRules = (
			);
			dependencies = (
			);
			name = "stone paper scissor";
			productName = "stone paper scissor";
			productReference = 187AB3051F1748E200B73BA7 /* stone paper scissor.app */;
			productType = "com.apple.product-type.application";
		};
/* End PBXNativeTarget section */

/* Begin PBXProject section */
		187AB2FD1F1748E200B73BA7 /* Project object */ = {
			isa = PBXProject;
			attributes = {
				LastSwiftUpdateCheck = 0820;
				LastUpgradeCheck = 0820;
				ORGANIZATIONNAME = rishi;
				TargetAttributes = {
					187AB3041F1748E200B73BA7 = {
						CreatedOnToolsVersion = 8.2.1;
						ProvisioningStyle = Automatic;
					};
				};
			};
			buildConfigurationList = 187AB3001F1748E200B73BA7 /* Build configuration list for PBXProject "stone paper scissor" */;
			compatibilityVersion = "Xcode 3.2";
			developmentRegion = English;
			hasScannedForEncodings = 0;
			knownRegions = (
				en,
				Base,
			);
			mainGroup = 187AB2FC1F1748E200B73BA7;
			productRefGroup = 187AB3061F1748E200B73BA7 /* Products */;
			projectDirPath = "";
			projectRoot = "";
			targets = (
				187AB3041F1748E200B73BA7 /* stone paper scissor */,
			);
		};
/* End PBXProject section */

/* Begin PBXResourcesBuildPhase section */
		187AB3031F1748E200B73BA7 /* Resources */ = {
			isa = PBXResourcesBuildPhase;
			buildActionMask = 2147483647;
			files = (
				187AB3131F1748E200B73BA7 /* LaunchScreen.storyboard in Resources */,
				187AB3101F1748E200B73BA7 /* Assets.xcassets in Resources */,
				187AB30E1F1748E200B73BA7 /* Main.storyboard in Resources */,
			);
			runOnlyForDeploymentPostprocessing = 0;
		};
/* End PBXResourcesBuildPhase section */

/* Begin PBXSourcesBuildPhase section */
		187AB3011F1748E200B73BA7 /* Sources */ = {
			isa = PBXSourcesBuildPhase;
			buildActionMask = 2147483647;
			files = (
				187AB30B1F1748E200B73BA7 /* ViewController.swift in Sources */,
				187AB3091F1748E200B73BA7 /* AppDelegate.swift in Sources */,
				187AB31B1F174A1D00B73BA7 /* ResultViewController.swift in Sources */,
			);
			runOnlyForDeploymentPostprocessing = 0;
		};
/* End PBXSourcesBuildPhase section */

/* Begin PBXVariantGroup section */
		187AB30C1F1748E200B73BA7 /* Main.storyboard */ = {
			isa = PBXVariantGroup;
			children = (
				187AB30D1F1748E200B73BA7 /* Base */,
			);
			name = Main.storyboard;
			sourceTree = "<group>";
		};
		187AB3111F1748E200B73BA7 /* LaunchScreen.storyboard */ = {
			isa = PBXVariantGroup;
			children = (
				187AB3121F1748E200B73BA7 /* Base */,
			);
			name = LaunchScreen.storyboard;
			sourceTree = "<group>";
		};
/* End PBXVariantGroup section */

/* Begin XCBuildConfiguration section */
		187AB3151F1748E200B73BA7 /* Debug */ = {
			isa = XCBuildConfiguration;
			buildSettings = {
				ALWAYS_SEARCH_USER_PATHS = NO;
				CLANG_ANALYZER_NONNULL = YES;
				CLANG_CXX_LANGUAGE_STANDARD = "gnu++0x";
				CLANG_CXX_LIBRARY = "libc++";
				CLANG_ENABLE_MODULES = YES;
				CLANG_ENABLE_OBJC_ARC = YES;
				CLANG_WARN_BOOL_CONVERSION = YES;
				CLANG_WARN_CONSTANT_CONVERSION = YES;
				CLANG_WARN_DIRECT_OBJC_ISA_USAGE = YES_ERROR;
				CLANG_WARN_DOCUMENTATION_COMMENTS = YES;
				CLANG_WARN_EMPTY_BODY = YES;
				CLANG_WARN_ENUM_CONVERSION = YES;
				CLANG_WARN_INFINITE_RECURSION = YES;
				CLANG_WARN_INT_CONVERSION = YES;
				CLANG_WARN_OBJC_ROOT_CLASS = YES_ERROR;
				CLANG_WARN_SUSPICIOUS_MOVE = YES;
				CLANG_WARN_UNREACHABLE_CODE = YES;
				CLANG_WARN__DUPLICATE_METHOD_MATCH = YES;
				"CODE_SIGN_IDENTITY[sdk=iphoneos*]" = "iPhone Developer";
				COPY_PHASE_STRIP = NO;
				DEBUG_INFORMATION_FORMAT = dwarf;
				ENABLE_STRICT_OBJC_MSGSEND = YES;
				ENABLE_TESTABILITY = YES;
				GCC_C_LANGUAGE_STANDARD = gnu99;
				GCC_DYNAMIC_NO_PIC = NO;
				GCC_NO_COMMON_BLOCKS = YES;
				GCC_OPTIMIZATION_LEVEL = 0;
				GCC_PREPROCESSOR_DEFINITIONS = (
					"DEBUG=1",
					"$(inherited)",
				);
				GCC_WARN_64_TO_32_BIT_CONVERSION = YES;
				GCC_WARN_ABOUT_RETURN_TYPE = YES_ERROR;
				GCC_WARN_UNDECLARED_SELECTOR = YES;
				GCC_WARN_UNINITIALIZED_AUTOS = YES_AGGRESSIVE;
				GCC_WARN_UNUSED_FUNCTION = YES;
				GCC_WARN_UNUSED_VARIABLE = YES;
				IPHONEOS_DEPLOYMENT_TARGET = 10.2;
				MTL_ENABLE_DEBUG_INFO = YES;
				ONLY_ACTIVE_ARCH = YES;
				SDKROOT = iphoneos;
				SWIFT_ACTIVE_COMPILATION_CONDITIONS = DEBUG;
				SWIFT_OPTIMIZATION_LEVEL = "-Onone";
			};
			name = Debug;
		};
		187AB3161F1748E200B73BA7 /* Release */ = {
			isa = XCBuildConfiguration;
			buildSettings = {
				ALWAYS_SEARCH_USER_PATHS = NO;
				CLANG_ANALYZER_NONNULL = YES;
				CLANG_CXX_LANGUAGE_STANDARD = "gnu++0x";
				CLANG_CXX_LIBRARY = "libc++";
				CLANG_ENABLE_MODULES = YES;
				CLANG_ENABLE_OBJC_ARC = YES;
				CLANG_WARN_BOOL_CONVERSION = YES;
				CLANG_WARN_CONSTANT_CONVERSION = YES;
				CLANG_WARN_DIRECT_OBJC_ISA_USAGE = YES_ERROR;
				CLANG_WARN_DOCUMENTATION_COMMENTS = YES;
				CLANG_WARN_EMPTY_BODY = YES;
				CLANG_WARN_ENUM_CONVERSION = YES;
				CLANG_WARN_INFINITE_RECURSION = YES;
				CLANG_WARN_INT_CONVERSION = YES;
				CLANG_WARN_OBJC_ROOT_CLASS = YES_ERROR;
				CLANG_WARN_SUSPICIOUS_MOVE = YES;
				CLANG_WARN_UNREACHABLE_CODE = YES;
				CLANG_WARN__DUPLICATE_METHOD_MATCH = YES;
				"CODE_SIGN_IDENTITY[sdk=iphoneos*]" = "iPhone Developer";
				COPY_PHASE_STRIP = NO;
				DEBUG_INFORMATION_FORMAT = "dwarf-with-dsym";
				ENABLE_NS_ASSERTIONS = NO;
				ENABLE_STRICT_OBJC_MSGSEND = YES;
				GCC_C_LANGUAGE_STANDARD = gnu99;
				GCC_NO_COMMON_BLOCKS = YES;
				GCC_WARN_64_TO_32_BIT_CONVERSION = YES;
				GCC_WARN_ABOUT_RETURN_TYPE = YES_ERROR;
				GCC_WARN_UNDECLARED_SELECTOR = YES;
				GCC_WARN_UNINITIALIZED_AUTOS = YES_AGGRESSIVE;
				GCC_WARN_UNUSED_FUNCTION = YES;
				GCC_WARN_UNUSED_VARIABLE = YES;
				IPHONEOS_DEPLOYMENT_TARGET = 10.2;
				MTL_ENABLE_DEBUG_INFO = NO;
				SDKROOT = iphoneos;
				SWIFT_OPTIMIZATION_LEVEL = "-Owholemodule";
				VALIDATE_PRODUCT = YES;
			};
			name = Release;
		};
		187AB3181F1748E200B73BA7 /* Debug */ = {
			isa = XCBuildConfiguration;
			buildSettings = {
				ASSETCATALOG_COMPILER_APPICON_NAME = AppIcon;
				INFOPLIST_FILE = "stone paper scissor/Info.plist";
				LD_RUNPATH_SEARCH_PATHS = "$(inherited) @executable_path/Frameworks";
				PRODUCT_BUNDLE_IDENTIFIER = "rishabh.stone-paper-scissor";
				PRODUCT_NAME = "$(TARGET_NAME)";
				SWIFT_VERSION = 3.0;
			};
			name = Debug;
		};
		187AB3191F1748E200B73BA7 /* Release */ = {
			isa = XCBuildConfiguration;
			buildSettings = {
				ASSETCATALOG_COMPILER_APPICON_NAME = AppIcon;
				INFOPLIST_FILE = "stone paper scissor/Info.plist";
				LD_RUNPATH_SEARCH_PATHS = "$(inherited) @executable_path/Frameworks";
				PRODUCT_BUNDLE_IDENTIFIER = "rishabh.stone-paper-scissor";
				PRODUCT_NAME = "$(TARGET_NAME)";
				SWIFT_VERSION = 3.0;
			};
			name = Release;
		};
/* End XCBuildConfiguration section */

/* Begin XCConfigurationList section */
		187AB3001F1748E200B73BA7 /* Build configuration list for PBXProject "stone paper scissor" */ = {
			isa = XCConfigurationList;
			buildConfigurations = (
				187AB3151F1748E200B73BA7 /* Debug */,
				187AB3161F1748E200B73BA7 /* Release */,
			);
			defaultConfigurationIsVisible = 0;
			defaultConfigurationName = Release;
		};
		187AB3171F1748E200B73BA7 /* Build configuration list for PBXNativeTarget "stone paper scissor" */ = {
			isa = XCConfigurationList;
			buildConfigurations = (
				187AB3181F1748E200B73BA7 /* Debug */,
				187AB3191F1748E200B73BA7 /* Release */,
			);
			defaultConfigurationIsVisible = 0;
		};
/* End XCConfigurationList section */
	};
	rootObject = 187AB2FD1F1748E200B73BA7 /* Project object */;
}
